
Microsoft Visual Studio Solution File, Format Version 12.00
# Visual Studio Version 16
VisualStudioVersion = 16.0.30114.105
MinimumVisualStudioVersion = 10.0.40219.1
Project("{2150E333-8FDC-42A3-9474-1A3956D46DE8}") = "Application", "Application", "{A2528B69-1E9E-47BD-BFC6-23265D968D1E}"
EndProject
Project("{2150E333-8FDC-42A3-9474-1A3956D46DE8}") = "Domain", "Domain", "{E8083075-9067-428D-AF9D-7EF8F0102D2A}"
EndProject
Project("{2150E333-8FDC-42A3-9474-1A3956D46DE8}") = "Infrastructure", "Infrastructure", "{3944B810-DA18-43D2-9099-F1972C14C393}"
EndProject
Project("{2150E333-8FDC-42A3-9474-1A3956D46DE8}") = "Clients", "Clients", "{E2A34458-3906-44C1-B217-594E447CF882}"
EndProject
Project("{2150E333-8FDC-42A3-9474-1A3956D46DE8}") = "Persistance", "Persistance", "{AF868E09-DAFA-413C-BDFA-0C13EBD022E2}"
EndProject
Project("{FAE04EC0-301F-11D3-BF4B-00C04F79EFBC}") = "Aktabook.Domain", "src\Aktabook.Domain\Aktabook.Domain.csproj", "{DA28654A-6A2F-493C-8F4F-23B88D77D2AE}"
EndProject
Project("{FAE04EC0-301F-11D3-BF4B-00C04F79EFBC}") = "Aktabook.Application", "src\Aktabook.Application\Aktabook.Application.csproj", "{18D054CC-7032-4683-8267-1C2CF19A67E3}"
EndProject
Project("{FAE04EC0-301F-11D3-BF4B-00C04F79EFBC}") = "Aktabook.Application.UnitTests", "test\Aktabook.Application.UnitTests\Aktabook.Application.UnitTests.csproj", "{6EBFB26F-D8FB-4491-9F72-E3EE561D1D17}"
EndProject
Global
	GlobalSection(SolutionConfigurationPlatforms) = preSolution
		Debug|Any CPU = Debug|Any CPU
		Release|Any CPU = Release|Any CPU
	EndGlobalSection
	GlobalSection(SolutionProperties) = preSolution
		HideSolutionNode = FALSE
	EndGlobalSection
	GlobalSection(NestedProjects) = preSolution
		{E2A34458-3906-44C1-B217-594E447CF882} = {3944B810-DA18-43D2-9099-F1972C14C393}
		{AF868E09-DAFA-413C-BDFA-0C13EBD022E2} = {3944B810-DA18-43D2-9099-F1972C14C393}
		{DA28654A-6A2F-493C-8F4F-23B88D77D2AE} = {E8083075-9067-428D-AF9D-7EF8F0102D2A}
		{18D054CC-7032-4683-8267-1C2CF19A67E3} = {A2528B69-1E9E-47BD-BFC6-23265D968D1E}
		{6EBFB26F-D8FB-4491-9F72-E3EE561D1D17} = {A2528B69-1E9E-47BD-BFC6-23265D968D1E}
	EndGlobalSection
	GlobalSection(ProjectConfigurationPlatforms) = postSolution
		{DA28654A-6A2F-493C-8F4F-23B88D77D2AE}.Debug|Any CPU.ActiveCfg = Debug|Any CPU
		{DA28654A-6A2F-493C-8F4F-23B88D77D2AE}.Debug|Any CPU.Build.0 = Debug|Any CPU
		{DA28654A-6A2F-493C-8F4F-23B88D77D2AE}.Release|Any CPU.ActiveCfg = Release|Any CPU
		{DA28654A-6A2F-493C-8F4F-23B88D77D2AE}.Release|Any CPU.Build.0 = Release|Any CPU
		{18D054CC-7032-4683-8267-1C2CF19A67E3}.Debug|Any CPU.ActiveCfg = Debug|Any CPU
		{18D054CC-7032-4683-8267-1C2CF19A67E3}.Debug|Any CPU.Build.0 = Debug|Any CPU
		{18D054CC-7032-4683-8267-1C2CF19A67E3}.Release|Any CPU.ActiveCfg = Release|Any CPU
		{18D054CC-7032-4683-8267-1C2CF19A67E3}.Release|Any CPU.Build.0 = Release|Any CPU
		{6EBFB26F-D8FB-4491-9F72-E3EE561D1D17}.Debug|Any CPU.ActiveCfg = Debug|Any CPU
		{6EBFB26F-D8FB-4491-9F72-E3EE561D1D17}.Debug|Any CPU.Build.0 = Debug|Any CPU
		{6EBFB26F-D8FB-4491-9F72-E3EE561D1D17}.Release|Any CPU.ActiveCfg = Release|Any CPU
		{6EBFB26F-D8FB-4491-9F72-E3EE561D1D17}.Release|Any CPU.Build.0 = Release|Any CPU
	EndGlobalSection
EndGlobal
