
Microsoft Visual Studio Solution File, Format Version 12.00
# Visual Studio Version 16
VisualStudioVersion = 16.0.30114.105
MinimumVisualStudioVersion = 10.0.40219.1
Project("{2150E333-8FDC-42A3-9474-1A3956D46DE8}") = "Application", "Application", "{A2528B69-1E9E-47BD-BFC6-23265D968D1E}"
EndProject
Project("{2150E333-8FDC-42A3-9474-1A3956D46DE8}") = "Domain", "Domain", "{E8083075-9067-428D-AF9D-7EF8F0102D2A}"
EndProject
Project("{2150E333-8FDC-42A3-9474-1A3956D46DE8}") = "Infrastructure", "Infrastructure", "{3944B810-DA18-43D2-9099-F1972C14C393}"
EndProject
Project("{2150E333-8FDC-42A3-9474-1A3956D46DE8}") = "Clients", "Clients", "{E2A34458-3906-44C1-B217-594E447CF882}"
EndProject
Project("{2150E333-8FDC-42A3-9474-1A3956D46DE8}") = "Persistance", "Persistance", "{AF868E09-DAFA-413C-BDFA-0C13EBD022E2}"
EndProject
Project("{FAE04EC0-301F-11D3-BF4B-00C04F79EFBC}") = "Aktabook.Domain", "src\Aktabook.Domain\Aktabook.Domain.csproj", "{DA28654A-6A2F-493C-8F4F-23B88D77D2AE}"
EndProject
Project("{FAE04EC0-301F-11D3-BF4B-00C04F79EFBC}") = "Aktabook.Application", "src\Aktabook.Application\Aktabook.Application.csproj", "{18D054CC-7032-4683-8267-1C2CF19A67E3}"
EndProject
Project("{FAE04EC0-301F-11D3-BF4B-00C04F79EFBC}") = "Aktabook.Application.UnitTests", "test\Aktabook.Application.UnitTests\Aktabook.Application.UnitTests.csproj", "{6EBFB26F-D8FB-4491-9F72-E3EE561D1D17}"
EndProject
Project("{FAE04EC0-301F-11D3-BF4B-00C04F79EFBC}") = "Aktabook.Data.IntegrationTest", "test\Aktabook.Data.IntegrationTest\Aktabook.Data.IntegrationTest.csproj", "{19523DBA-C8C7-448A-9367-7A1765451470}"
EndProject
Project("{FAE04EC0-301F-11D3-BF4B-00C04F79EFBC}") = "Aktabook.Data", "src\Aktabook.Data\Aktabook.Data.csproj", "{C0631771-EBD4-415B-87E5-AB3AD4A100EA}"
EndProject
Project("{FAE04EC0-301F-11D3-BF4B-00C04F79EFBC}") = "Aktabook.Data.Migrations", "src\Aktabook.Data.Migrations\Aktabook.Data.Migrations.csproj", "{0EC04DD0-C4E3-40CC-A8CF-0BB72FA28123}"
EndProject
Project("{FAE04EC0-301F-11D3-BF4B-00C04F79EFBC}") = "Aktabook.Services.BookInfoRequestService", "src\Aktabook.Services.BookInfoRequestService\Aktabook.Services.BookInfoRequestService.csproj", "{78405049-BEFB-4CBF-8583-9B391D4B1720}"
EndProject
Project("{FAE04EC0-301F-11D3-BF4B-00C04F79EFBC}") = "Aktabook.Services.BookInfoRequestService.IntegrationTest", "test\Aktabook.Services.BookInfoRequestService.IntegrationTest\Aktabook.Services.BookInfoRequestService.IntegrationTest.csproj", "{36B4CBB2-A9CB-447F-82BD-27779366A731}"
EndProject
Project("{FAE04EC0-301F-11D3-BF4B-00C04F79EFBC}") = "Aktabook.Data.Testing", "test\Aktabook.Data.Testing\Aktabook.Data.Testing.csproj", "{DC17CF74-6588-4BD9-9051-35372F28F950}"
EndProject
Project("{2150E333-8FDC-42A3-9474-1A3956D46DE8}") = "WebApi", "WebApi", "{0B0D178E-9980-4BB2-B29F-2CA6EE52852D}"
EndProject
Project("{FAE04EC0-301F-11D3-BF4B-00C04F79EFBC}") = "Aktabook.PublicApi.V1", "src\Aktabook.PublicApi.V1\Aktabook.PublicApi.V1.csproj", "{21FEF5C1-C96E-4619-89BC-20526D382872}"
EndProject
Project("{FAE04EC0-301F-11D3-BF4B-00C04F79EFBC}") = "Aktabook.PublicApi.V1.UnitTest", "test\Aktabook.PublicApi.V1.UnitTest\Aktabook.PublicApi.V1.UnitTest.csproj", "{CA09B795-E9B0-4217-9B40-BC57146687DB}"
EndProject
Project("{FAE04EC0-301F-11D3-BF4B-00C04F79EFBC}") = "Aktabook.PublicApi.V1.IntegrationTest", "test\Aktabook.PublicApi.V1.IntegrationTest\Aktabook.PublicApi.V1.IntegrationTest.csproj", "{20FB66C8-F27F-4889-B1C0-6238FF4CE0B5}"
EndProject
Project("{FAE04EC0-301F-11D3-BF4B-00C04F79EFBC}") = "Aktabook.Connectors.OpenLibrary", "src\Aktabook.Connectors.OpenLibrary\Aktabook.Connectors.OpenLibrary.csproj", "{FF335F01-C68D-4E72-9950-AED6DD604876}"
EndProject
Project("{FAE04EC0-301F-11D3-BF4B-00C04F79EFBC}") = "Aktabook.Connectors.OpenLibrary.UnitTest", "test\Aktabook.Connectors.OpenLibrary.UnitTest\Aktabook.Connectors.OpenLibrary.UnitTest.csproj", "{A19A0296-00AB-4B74-9CF8-3AD097F554B1}"
EndProject
Project("{FAE04EC0-301F-11D3-BF4B-00C04F79EFBC}") = "Aktabook.Connectors.OpenLibrary.IntegrationTest", "test\Aktabook.Connectors.OpenLibrary.IntegrationTest\Aktabook.Connectors.OpenLibrary.IntegrationTest.csproj", "{2A3030AD-21F8-493C-9872-71840C5BF871}"
EndProject
Project("{FAE04EC0-301F-11D3-BF4B-00C04F79EFBC}") = "Aktabook.Infrastructure.Configuration", "src\Aktabook.Infrastructure.Configuration\Aktabook.Infrastructure.Configuration.csproj", "{1F90D50C-2623-44A1-B38F-CE8CC560306D}"
EndProject
Project("{2150E333-8FDC-42A3-9474-1A3956D46DE8}") = "Bus", "Bus", "{AEE37ED9-309D-4DA6-989A-67095A554204}"
EndProject
Project("{FAE04EC0-301F-11D3-BF4B-00C04F79EFBC}") = "Aktabook.Bus", "src\Aktabook.Bus\Aktabook.Bus.csproj", "{10723647-7D1B-46F6-84F5-ADC1E90D9397}"
EndProject
Project("{FAE04EC0-301F-11D3-BF4B-00C04F79EFBC}") = "Aktabook.Bus.Common", "src\Aktabook.Bus.Common\Aktabook.Bus.Common.csproj", "{468BB6F7-B6F5-4275-A857-7CC3F3B976E7}"
EndProject
Project("{FAE04EC0-301F-11D3-BF4B-00C04F79EFBC}") = "Aktabook.Bus.IntegrationTest", "test\Aktabook.Bus.IntegrationTest\Aktabook.Bus.IntegrationTest.csproj", "{4F936CF1-3082-449E-9192-267E57B5D19A}"
EndProject
Project("{FAE04EC0-301F-11D3-BF4B-00C04F79EFBC}") = "Aktabook.Bus.UnitTest", "test\Aktabook.Bus.UnitTest\Aktabook.Bus.UnitTest.csproj", "{F62DCDA3-055E-4989-9950-FC589CA35802}"
EndProject
Project("{FAE04EC0-301F-11D3-BF4B-00C04F79EFBC}") = "Aktabook.Bus.Common.UnitTest", "test\Aktabook.Bus.Common.UnitTest\Aktabook.Bus.Common.UnitTest.csproj", "{BE9A6FDC-4490-4223-B4B9-5C78133A8FA5}"
EndProject
Project("{FAE04EC0-301F-11D3-BF4B-00C04F79EFBC}") = "Aktabook.Diagnostics.HealthChecks", "src\Aktabook.Diagnostics.HealthChecks\Aktabook.Diagnostics.HealthChecks.csproj", "{C05A9CF0-7446-43C0-B3CE-C66228259D34}"
EndProject
Project("{FAE04EC0-301F-11D3-BF4B-00C04F79EFBC}") = "Aktabook.Diagnostics.HealthChecks.UnitTest", "test\Aktabook.Diagnostics.HealthChecks.UnitTest\Aktabook.Diagnostics.HealthChecks.UnitTest.csproj", "{E99C3CCF-3CD4-4D4B-8140-39B5D97BEB86}"
EndProject
Project("{FAE04EC0-301F-11D3-BF4B-00C04F79EFBC}") = "Aktabook.Diagnostics.Process", "src\Aktabook.Diagnostics.Process\Aktabook.Diagnostics.Process.csproj", "{93EE2508-9865-49A5-AFEE-936C55C84332}"
EndProject
Project("{2150E333-8FDC-42A3-9474-1A3956D46DE8}") = "Diagnostics", "Diagnostics", "{0269BDFF-5922-419C-AB58-33F0950D51DB}"
EndProject
Project("{FAE04EC0-301F-11D3-BF4B-00C04F79EFBC}") = "Aktabook.Diagnostics.Process.IntegrationTest", "test\Aktabook.Diagnostics.Process.IntegrationTest\Aktabook.Diagnostics.Process.IntegrationTest.csproj", "{F9E057DA-CC3B-4360-A05B-20C076D5FEAA}"
EndProject
Global
	GlobalSection(SolutionConfigurationPlatforms) = preSolution
		Debug|Any CPU = Debug|Any CPU
		Release|Any CPU = Release|Any CPU
	EndGlobalSection
	GlobalSection(SolutionProperties) = preSolution
		HideSolutionNode = FALSE
	EndGlobalSection
	GlobalSection(NestedProjects) = preSolution
		{E2A34458-3906-44C1-B217-594E447CF882} = {3944B810-DA18-43D2-9099-F1972C14C393}
		{AF868E09-DAFA-413C-BDFA-0C13EBD022E2} = {3944B810-DA18-43D2-9099-F1972C14C393}
		{DA28654A-6A2F-493C-8F4F-23B88D77D2AE} = {E8083075-9067-428D-AF9D-7EF8F0102D2A}
		{18D054CC-7032-4683-8267-1C2CF19A67E3} = {A2528B69-1E9E-47BD-BFC6-23265D968D1E}
		{6EBFB26F-D8FB-4491-9F72-E3EE561D1D17} = {A2528B69-1E9E-47BD-BFC6-23265D968D1E}
		{19523DBA-C8C7-448A-9367-7A1765451470} = {AF868E09-DAFA-413C-BDFA-0C13EBD022E2}
		{C0631771-EBD4-415B-87E5-AB3AD4A100EA} = {AF868E09-DAFA-413C-BDFA-0C13EBD022E2}
		{0EC04DD0-C4E3-40CC-A8CF-0BB72FA28123} = {AF868E09-DAFA-413C-BDFA-0C13EBD022E2}
		{78405049-BEFB-4CBF-8583-9B391D4B1720} = {AF868E09-DAFA-413C-BDFA-0C13EBD022E2}
		{36B4CBB2-A9CB-447F-82BD-27779366A731} = {AF868E09-DAFA-413C-BDFA-0C13EBD022E2}
		{DC17CF74-6588-4BD9-9051-35372F28F950} = {AF868E09-DAFA-413C-BDFA-0C13EBD022E2}
		{21FEF5C1-C96E-4619-89BC-20526D382872} = {0B0D178E-9980-4BB2-B29F-2CA6EE52852D}
		{CA09B795-E9B0-4217-9B40-BC57146687DB} = {0B0D178E-9980-4BB2-B29F-2CA6EE52852D}
		{20FB66C8-F27F-4889-B1C0-6238FF4CE0B5} = {0B0D178E-9980-4BB2-B29F-2CA6EE52852D}
		{FF335F01-C68D-4E72-9950-AED6DD604876} = {E2A34458-3906-44C1-B217-594E447CF882}
		{A19A0296-00AB-4B74-9CF8-3AD097F554B1} = {E2A34458-3906-44C1-B217-594E447CF882}
		{2A3030AD-21F8-493C-9872-71840C5BF871} = {E2A34458-3906-44C1-B217-594E447CF882}
		{1F90D50C-2623-44A1-B38F-CE8CC560306D} = {3944B810-DA18-43D2-9099-F1972C14C393}
		{10723647-7D1B-46F6-84F5-ADC1E90D9397} = {AEE37ED9-309D-4DA6-989A-67095A554204}
		{468BB6F7-B6F5-4275-A857-7CC3F3B976E7} = {AEE37ED9-309D-4DA6-989A-67095A554204}
		{4F936CF1-3082-449E-9192-267E57B5D19A} = {AEE37ED9-309D-4DA6-989A-67095A554204}
		{F62DCDA3-055E-4989-9950-FC589CA35802} = {AEE37ED9-309D-4DA6-989A-67095A554204}
		{BE9A6FDC-4490-4223-B4B9-5C78133A8FA5} = {AEE37ED9-309D-4DA6-989A-67095A554204}
		{93EE2508-9865-49A5-AFEE-936C55C84332} = {0269BDFF-5922-419C-AB58-33F0950D51DB}
		{C05A9CF0-7446-43C0-B3CE-C66228259D34} = {0269BDFF-5922-419C-AB58-33F0950D51DB}
		{E99C3CCF-3CD4-4D4B-8140-39B5D97BEB86} = {0269BDFF-5922-419C-AB58-33F0950D51DB}
		{F9E057DA-CC3B-4360-A05B-20C076D5FEAA} = {0269BDFF-5922-419C-AB58-33F0950D51DB}
	EndGlobalSection
	GlobalSection(ProjectConfigurationPlatforms) = postSolution
		{DA28654A-6A2F-493C-8F4F-23B88D77D2AE}.Debug|Any CPU.ActiveCfg = Debug|Any CPU
		{DA28654A-6A2F-493C-8F4F-23B88D77D2AE}.Debug|Any CPU.Build.0 = Debug|Any CPU
		{DA28654A-6A2F-493C-8F4F-23B88D77D2AE}.Release|Any CPU.ActiveCfg = Release|Any CPU
		{DA28654A-6A2F-493C-8F4F-23B88D77D2AE}.Release|Any CPU.Build.0 = Release|Any CPU
		{18D054CC-7032-4683-8267-1C2CF19A67E3}.Debug|Any CPU.ActiveCfg = Debug|Any CPU
		{18D054CC-7032-4683-8267-1C2CF19A67E3}.Debug|Any CPU.Build.0 = Debug|Any CPU
		{18D054CC-7032-4683-8267-1C2CF19A67E3}.Release|Any CPU.ActiveCfg = Release|Any CPU
		{18D054CC-7032-4683-8267-1C2CF19A67E3}.Release|Any CPU.Build.0 = Release|Any CPU
		{6EBFB26F-D8FB-4491-9F72-E3EE561D1D17}.Debug|Any CPU.ActiveCfg = Debug|Any CPU
		{6EBFB26F-D8FB-4491-9F72-E3EE561D1D17}.Debug|Any CPU.Build.0 = Debug|Any CPU
		{6EBFB26F-D8FB-4491-9F72-E3EE561D1D17}.Release|Any CPU.ActiveCfg = Release|Any CPU
		{6EBFB26F-D8FB-4491-9F72-E3EE561D1D17}.Release|Any CPU.Build.0 = Release|Any CPU
		{19523DBA-C8C7-448A-9367-7A1765451470}.Debug|Any CPU.ActiveCfg = Debug|Any CPU
		{19523DBA-C8C7-448A-9367-7A1765451470}.Debug|Any CPU.Build.0 = Debug|Any CPU
		{19523DBA-C8C7-448A-9367-7A1765451470}.Release|Any CPU.ActiveCfg = Release|Any CPU
		{19523DBA-C8C7-448A-9367-7A1765451470}.Release|Any CPU.Build.0 = Release|Any CPU
		{C0631771-EBD4-415B-87E5-AB3AD4A100EA}.Debug|Any CPU.ActiveCfg = Debug|Any CPU
		{C0631771-EBD4-415B-87E5-AB3AD4A100EA}.Debug|Any CPU.Build.0 = Debug|Any CPU
		{C0631771-EBD4-415B-87E5-AB3AD4A100EA}.Release|Any CPU.ActiveCfg = Release|Any CPU
		{C0631771-EBD4-415B-87E5-AB3AD4A100EA}.Release|Any CPU.Build.0 = Release|Any CPU
		{0EC04DD0-C4E3-40CC-A8CF-0BB72FA28123}.Debug|Any CPU.ActiveCfg = Debug|Any CPU
		{0EC04DD0-C4E3-40CC-A8CF-0BB72FA28123}.Debug|Any CPU.Build.0 = Debug|Any CPU
		{0EC04DD0-C4E3-40CC-A8CF-0BB72FA28123}.Release|Any CPU.ActiveCfg = Release|Any CPU
		{0EC04DD0-C4E3-40CC-A8CF-0BB72FA28123}.Release|Any CPU.Build.0 = Release|Any CPU
		{78405049-BEFB-4CBF-8583-9B391D4B1720}.Debug|Any CPU.ActiveCfg = Debug|Any CPU
		{78405049-BEFB-4CBF-8583-9B391D4B1720}.Debug|Any CPU.Build.0 = Debug|Any CPU
		{78405049-BEFB-4CBF-8583-9B391D4B1720}.Release|Any CPU.ActiveCfg = Release|Any CPU
		{78405049-BEFB-4CBF-8583-9B391D4B1720}.Release|Any CPU.Build.0 = Release|Any CPU
		{36B4CBB2-A9CB-447F-82BD-27779366A731}.Debug|Any CPU.ActiveCfg = Debug|Any CPU
		{36B4CBB2-A9CB-447F-82BD-27779366A731}.Debug|Any CPU.Build.0 = Debug|Any CPU
		{36B4CBB2-A9CB-447F-82BD-27779366A731}.Release|Any CPU.ActiveCfg = Release|Any CPU
		{36B4CBB2-A9CB-447F-82BD-27779366A731}.Release|Any CPU.Build.0 = Release|Any CPU
		{DC17CF74-6588-4BD9-9051-35372F28F950}.Debug|Any CPU.ActiveCfg = Debug|Any CPU
		{DC17CF74-6588-4BD9-9051-35372F28F950}.Debug|Any CPU.Build.0 = Debug|Any CPU
		{DC17CF74-6588-4BD9-9051-35372F28F950}.Release|Any CPU.ActiveCfg = Release|Any CPU
		{DC17CF74-6588-4BD9-9051-35372F28F950}.Release|Any CPU.Build.0 = Release|Any CPU
		{21FEF5C1-C96E-4619-89BC-20526D382872}.Debug|Any CPU.ActiveCfg = Debug|Any CPU
		{21FEF5C1-C96E-4619-89BC-20526D382872}.Debug|Any CPU.Build.0 = Debug|Any CPU
		{21FEF5C1-C96E-4619-89BC-20526D382872}.Release|Any CPU.ActiveCfg = Release|Any CPU
		{21FEF5C1-C96E-4619-89BC-20526D382872}.Release|Any CPU.Build.0 = Release|Any CPU
		{CA09B795-E9B0-4217-9B40-BC57146687DB}.Debug|Any CPU.ActiveCfg = Debug|Any CPU
		{CA09B795-E9B0-4217-9B40-BC57146687DB}.Debug|Any CPU.Build.0 = Debug|Any CPU
		{CA09B795-E9B0-4217-9B40-BC57146687DB}.Release|Any CPU.ActiveCfg = Release|Any CPU
		{CA09B795-E9B0-4217-9B40-BC57146687DB}.Release|Any CPU.Build.0 = Release|Any CPU
		{20FB66C8-F27F-4889-B1C0-6238FF4CE0B5}.Debug|Any CPU.ActiveCfg = Debug|Any CPU
		{20FB66C8-F27F-4889-B1C0-6238FF4CE0B5}.Debug|Any CPU.Build.0 = Debug|Any CPU
		{20FB66C8-F27F-4889-B1C0-6238FF4CE0B5}.Release|Any CPU.ActiveCfg = Release|Any CPU
		{20FB66C8-F27F-4889-B1C0-6238FF4CE0B5}.Release|Any CPU.Build.0 = Release|Any CPU
		{FF335F01-C68D-4E72-9950-AED6DD604876}.Debug|Any CPU.ActiveCfg = Debug|Any CPU
		{FF335F01-C68D-4E72-9950-AED6DD604876}.Debug|Any CPU.Build.0 = Debug|Any CPU
		{FF335F01-C68D-4E72-9950-AED6DD604876}.Release|Any CPU.ActiveCfg = Release|Any CPU
		{FF335F01-C68D-4E72-9950-AED6DD604876}.Release|Any CPU.Build.0 = Release|Any CPU
		{A19A0296-00AB-4B74-9CF8-3AD097F554B1}.Debug|Any CPU.ActiveCfg = Debug|Any CPU
		{A19A0296-00AB-4B74-9CF8-3AD097F554B1}.Debug|Any CPU.Build.0 = Debug|Any CPU
		{A19A0296-00AB-4B74-9CF8-3AD097F554B1}.Release|Any CPU.ActiveCfg = Release|Any CPU
		{A19A0296-00AB-4B74-9CF8-3AD097F554B1}.Release|Any CPU.Build.0 = Release|Any CPU
		{2A3030AD-21F8-493C-9872-71840C5BF871}.Debug|Any CPU.ActiveCfg = Debug|Any CPU
		{2A3030AD-21F8-493C-9872-71840C5BF871}.Debug|Any CPU.Build.0 = Debug|Any CPU
		{2A3030AD-21F8-493C-9872-71840C5BF871}.Release|Any CPU.ActiveCfg = Release|Any CPU
		{2A3030AD-21F8-493C-9872-71840C5BF871}.Release|Any CPU.Build.0 = Release|Any CPU
		{1F90D50C-2623-44A1-B38F-CE8CC560306D}.Debug|Any CPU.ActiveCfg = Debug|Any CPU
		{1F90D50C-2623-44A1-B38F-CE8CC560306D}.Debug|Any CPU.Build.0 = Debug|Any CPU
		{1F90D50C-2623-44A1-B38F-CE8CC560306D}.Release|Any CPU.ActiveCfg = Release|Any CPU
		{1F90D50C-2623-44A1-B38F-CE8CC560306D}.Release|Any CPU.Build.0 = Release|Any CPU
		{10723647-7D1B-46F6-84F5-ADC1E90D9397}.Debug|Any CPU.ActiveCfg = Debug|Any CPU
		{10723647-7D1B-46F6-84F5-ADC1E90D9397}.Debug|Any CPU.Build.0 = Debug|Any CPU
		{10723647-7D1B-46F6-84F5-ADC1E90D9397}.Release|Any CPU.ActiveCfg = Release|Any CPU
		{10723647-7D1B-46F6-84F5-ADC1E90D9397}.Release|Any CPU.Build.0 = Release|Any CPU
		{468BB6F7-B6F5-4275-A857-7CC3F3B976E7}.Debug|Any CPU.ActiveCfg = Debug|Any CPU
		{468BB6F7-B6F5-4275-A857-7CC3F3B976E7}.Debug|Any CPU.Build.0 = Debug|Any CPU
		{468BB6F7-B6F5-4275-A857-7CC3F3B976E7}.Release|Any CPU.ActiveCfg = Release|Any CPU
		{468BB6F7-B6F5-4275-A857-7CC3F3B976E7}.Release|Any CPU.Build.0 = Release|Any CPU
		{4F936CF1-3082-449E-9192-267E57B5D19A}.Debug|Any CPU.ActiveCfg = Debug|Any CPU
		{4F936CF1-3082-449E-9192-267E57B5D19A}.Debug|Any CPU.Build.0 = Debug|Any CPU
		{4F936CF1-3082-449E-9192-267E57B5D19A}.Release|Any CPU.ActiveCfg = Release|Any CPU
		{4F936CF1-3082-449E-9192-267E57B5D19A}.Release|Any CPU.Build.0 = Release|Any CPU
		{F62DCDA3-055E-4989-9950-FC589CA35802}.Debug|Any CPU.ActiveCfg = Debug|Any CPU
		{F62DCDA3-055E-4989-9950-FC589CA35802}.Debug|Any CPU.Build.0 = Debug|Any CPU
		{F62DCDA3-055E-4989-9950-FC589CA35802}.Release|Any CPU.ActiveCfg = Release|Any CPU
		{F62DCDA3-055E-4989-9950-FC589CA35802}.Release|Any CPU.Build.0 = Release|Any CPU
		{BE9A6FDC-4490-4223-B4B9-5C78133A8FA5}.Debug|Any CPU.ActiveCfg = Debug|Any CPU
		{BE9A6FDC-4490-4223-B4B9-5C78133A8FA5}.Debug|Any CPU.Build.0 = Debug|Any CPU
		{BE9A6FDC-4490-4223-B4B9-5C78133A8FA5}.Release|Any CPU.ActiveCfg = Release|Any CPU
		{BE9A6FDC-4490-4223-B4B9-5C78133A8FA5}.Release|Any CPU.Build.0 = Release|Any CPU
		{C05A9CF0-7446-43C0-B3CE-C66228259D34}.Debug|Any CPU.ActiveCfg = Debug|Any CPU
		{C05A9CF0-7446-43C0-B3CE-C66228259D34}.Debug|Any CPU.Build.0 = Debug|Any CPU
		{C05A9CF0-7446-43C0-B3CE-C66228259D34}.Release|Any CPU.ActiveCfg = Release|Any CPU
		{C05A9CF0-7446-43C0-B3CE-C66228259D34}.Release|Any CPU.Build.0 = Release|Any CPU
		{E99C3CCF-3CD4-4D4B-8140-39B5D97BEB86}.Debug|Any CPU.ActiveCfg = Debug|Any CPU
		{E99C3CCF-3CD4-4D4B-8140-39B5D97BEB86}.Debug|Any CPU.Build.0 = Debug|Any CPU
		{E99C3CCF-3CD4-4D4B-8140-39B5D97BEB86}.Release|Any CPU.ActiveCfg = Release|Any CPU
		{E99C3CCF-3CD4-4D4B-8140-39B5D97BEB86}.Release|Any CPU.Build.0 = Release|Any CPU
		{93EE2508-9865-49A5-AFEE-936C55C84332}.Debug|Any CPU.ActiveCfg = Debug|Any CPU
		{93EE2508-9865-49A5-AFEE-936C55C84332}.Debug|Any CPU.Build.0 = Debug|Any CPU
		{93EE2508-9865-49A5-AFEE-936C55C84332}.Release|Any CPU.ActiveCfg = Release|Any CPU
		{93EE2508-9865-49A5-AFEE-936C55C84332}.Release|Any CPU.Build.0 = Release|Any CPU
		{F9E057DA-CC3B-4360-A05B-20C076D5FEAA}.Debug|Any CPU.ActiveCfg = Debug|Any CPU
		{F9E057DA-CC3B-4360-A05B-20C076D5FEAA}.Debug|Any CPU.Build.0 = Debug|Any CPU
		{F9E057DA-CC3B-4360-A05B-20C076D5FEAA}.Release|Any CPU.ActiveCfg = Release|Any CPU
		{F9E057DA-CC3B-4360-A05B-20C076D5FEAA}.Release|Any CPU.Build.0 = Release|Any CPU
	EndGlobalSection
EndGlobal
