
Microsoft Visual Studio Solution File, Format Version 12.00
# Visual Studio Version 16
VisualStudioVersion = 16.0.30114.105
MinimumVisualStudioVersion = 10.0.40219.1
Project("{2150E333-8FDC-42A3-9474-1A3956D46DE8}") = "Application", "Application", "{A2528B69-1E9E-47BD-BFC6-23265D968D1E}"
EndProject
Project("{2150E333-8FDC-42A3-9474-1A3956D46DE8}") = "Domain", "Domain", "{E8083075-9067-428D-AF9D-7EF8F0102D2A}"
EndProject
Project("{2150E333-8FDC-42A3-9474-1A3956D46DE8}") = "Infrastructure", "Infrastructure", "{3944B810-DA18-43D2-9099-F1972C14C393}"
EndProject
Project("{2150E333-8FDC-42A3-9474-1A3956D46DE8}") = "Clients", "Clients", "{E2A34458-3906-44C1-B217-594E447CF882}"
EndProject
Project("{2150E333-8FDC-42A3-9474-1A3956D46DE8}") = "Persistance", "Persistance", "{AF868E09-DAFA-413C-BDFA-0C13EBD022E2}"
EndProject
Project("{FAE04EC0-301F-11D3-BF4B-00C04F79EFBC}") = "Aktabook.Domain", "src\Aktabook.Domain\Aktabook.Domain.csproj", "{DA28654A-6A2F-493C-8F4F-23B88D77D2AE}"
EndProject
Project("{FAE04EC0-301F-11D3-BF4B-00C04F79EFBC}") = "Aktabook.Application", "src\Aktabook.Application\Aktabook.Application.csproj", "{18D054CC-7032-4683-8267-1C2CF19A67E3}"
EndProject
Project("{FAE04EC0-301F-11D3-BF4B-00C04F79EFBC}") = "Aktabook.Application.UnitTests", "test\Aktabook.Application.UnitTests\Aktabook.Application.UnitTests.csproj", "{6EBFB26F-D8FB-4491-9F72-E3EE561D1D17}"
EndProject
Project("{FAE04EC0-301F-11D3-BF4B-00C04F79EFBC}") = "Aktabook.Data.IntegrationTest", "test\Aktabook.Data.IntegrationTest\Aktabook.Data.IntegrationTest.csproj", "{19523DBA-C8C7-448A-9367-7A1765451470}"
EndProject
Project("{FAE04EC0-301F-11D3-BF4B-00C04F79EFBC}") = "Aktabook.Data", "src\Aktabook.Data\Aktabook.Data.csproj", "{C0631771-EBD4-415B-87E5-AB3AD4A100EA}"
EndProject
Project("{FAE04EC0-301F-11D3-BF4B-00C04F79EFBC}") = "Aktabook.Data.Migrations", "src\Aktabook.Data.Migrations\Aktabook.Data.Migrations.csproj", "{0EC04DD0-C4E3-40CC-A8CF-0BB72FA28123}"
EndProject
Project("{FAE04EC0-301F-11D3-BF4B-00C04F79EFBC}") = "Aktabook.Services.BookInfoRequestService", "src\Aktabook.Services.BookInfoRequestService\Aktabook.Services.BookInfoRequestService.csproj", "{78405049-BEFB-4CBF-8583-9B391D4B1720}"
EndProject
Project("{FAE04EC0-301F-11D3-BF4B-00C04F79EFBC}") = "Aktabook.Services.BookInfoRequestService.IntegrationTest", "test\Aktabook.Services.BookInfoRequestService.IntegrationTest\Aktabook.Services.BookInfoRequestService.IntegrationTest.csproj", "{36B4CBB2-A9CB-447F-82BD-27779366A731}"
EndProject
Project("{FAE04EC0-301F-11D3-BF4B-00C04F79EFBC}") = "Aktabook.Data.IntegrationTest.Common", "test\Aktabook.Data.IntegrationTest.Common\Aktabook.Data.IntegrationTest.Common.csproj", "{DC17CF74-6588-4BD9-9051-35372F28F950}"
EndProject
Global
	GlobalSection(SolutionConfigurationPlatforms) = preSolution
		Debug|Any CPU = Debug|Any CPU
		Release|Any CPU = Release|Any CPU
	EndGlobalSection
	GlobalSection(SolutionProperties) = preSolution
		HideSolutionNode = FALSE
	EndGlobalSection
	GlobalSection(NestedProjects) = preSolution
		{E2A34458-3906-44C1-B217-594E447CF882} = {3944B810-DA18-43D2-9099-F1972C14C393}
		{AF868E09-DAFA-413C-BDFA-0C13EBD022E2} = {3944B810-DA18-43D2-9099-F1972C14C393}
		{DA28654A-6A2F-493C-8F4F-23B88D77D2AE} = {E8083075-9067-428D-AF9D-7EF8F0102D2A}
		{18D054CC-7032-4683-8267-1C2CF19A67E3} = {A2528B69-1E9E-47BD-BFC6-23265D968D1E}
		{6EBFB26F-D8FB-4491-9F72-E3EE561D1D17} = {A2528B69-1E9E-47BD-BFC6-23265D968D1E}
		{19523DBA-C8C7-448A-9367-7A1765451470} = {AF868E09-DAFA-413C-BDFA-0C13EBD022E2}
		{C0631771-EBD4-415B-87E5-AB3AD4A100EA} = {AF868E09-DAFA-413C-BDFA-0C13EBD022E2}
		{0EC04DD0-C4E3-40CC-A8CF-0BB72FA28123} = {AF868E09-DAFA-413C-BDFA-0C13EBD022E2}
		{78405049-BEFB-4CBF-8583-9B391D4B1720} = {AF868E09-DAFA-413C-BDFA-0C13EBD022E2}
		{36B4CBB2-A9CB-447F-82BD-27779366A731} = {AF868E09-DAFA-413C-BDFA-0C13EBD022E2}
		{DC17CF74-6588-4BD9-9051-35372F28F950} = {AF868E09-DAFA-413C-BDFA-0C13EBD022E2}
	EndGlobalSection
	GlobalSection(ProjectConfigurationPlatforms) = postSolution
		{DA28654A-6A2F-493C-8F4F-23B88D77D2AE}.Debug|Any CPU.ActiveCfg = Debug|Any CPU
		{DA28654A-6A2F-493C-8F4F-23B88D77D2AE}.Debug|Any CPU.Build.0 = Debug|Any CPU
		{DA28654A-6A2F-493C-8F4F-23B88D77D2AE}.Release|Any CPU.ActiveCfg = Release|Any CPU
		{DA28654A-6A2F-493C-8F4F-23B88D77D2AE}.Release|Any CPU.Build.0 = Release|Any CPU
		{18D054CC-7032-4683-8267-1C2CF19A67E3}.Debug|Any CPU.ActiveCfg = Debug|Any CPU
		{18D054CC-7032-4683-8267-1C2CF19A67E3}.Debug|Any CPU.Build.0 = Debug|Any CPU
		{18D054CC-7032-4683-8267-1C2CF19A67E3}.Release|Any CPU.ActiveCfg = Release|Any CPU
		{18D054CC-7032-4683-8267-1C2CF19A67E3}.Release|Any CPU.Build.0 = Release|Any CPU
		{6EBFB26F-D8FB-4491-9F72-E3EE561D1D17}.Debug|Any CPU.ActiveCfg = Debug|Any CPU
		{6EBFB26F-D8FB-4491-9F72-E3EE561D1D17}.Debug|Any CPU.Build.0 = Debug|Any CPU
		{6EBFB26F-D8FB-4491-9F72-E3EE561D1D17}.Release|Any CPU.ActiveCfg = Release|Any CPU
		{6EBFB26F-D8FB-4491-9F72-E3EE561D1D17}.Release|Any CPU.Build.0 = Release|Any CPU
		{19523DBA-C8C7-448A-9367-7A1765451470}.Debug|Any CPU.ActiveCfg = Debug|Any CPU
		{19523DBA-C8C7-448A-9367-7A1765451470}.Debug|Any CPU.Build.0 = Debug|Any CPU
		{19523DBA-C8C7-448A-9367-7A1765451470}.Release|Any CPU.ActiveCfg = Release|Any CPU
		{19523DBA-C8C7-448A-9367-7A1765451470}.Release|Any CPU.Build.0 = Release|Any CPU
		{C0631771-EBD4-415B-87E5-AB3AD4A100EA}.Debug|Any CPU.ActiveCfg = Debug|Any CPU
		{C0631771-EBD4-415B-87E5-AB3AD4A100EA}.Debug|Any CPU.Build.0 = Debug|Any CPU
		{C0631771-EBD4-415B-87E5-AB3AD4A100EA}.Release|Any CPU.ActiveCfg = Release|Any CPU
		{C0631771-EBD4-415B-87E5-AB3AD4A100EA}.Release|Any CPU.Build.0 = Release|Any CPU
		{0EC04DD0-C4E3-40CC-A8CF-0BB72FA28123}.Debug|Any CPU.ActiveCfg = Debug|Any CPU
		{0EC04DD0-C4E3-40CC-A8CF-0BB72FA28123}.Debug|Any CPU.Build.0 = Debug|Any CPU
		{0EC04DD0-C4E3-40CC-A8CF-0BB72FA28123}.Release|Any CPU.ActiveCfg = Release|Any CPU
		{0EC04DD0-C4E3-40CC-A8CF-0BB72FA28123}.Release|Any CPU.Build.0 = Release|Any CPU
		{78405049-BEFB-4CBF-8583-9B391D4B1720}.Debug|Any CPU.ActiveCfg = Debug|Any CPU
		{78405049-BEFB-4CBF-8583-9B391D4B1720}.Debug|Any CPU.Build.0 = Debug|Any CPU
		{78405049-BEFB-4CBF-8583-9B391D4B1720}.Release|Any CPU.ActiveCfg = Release|Any CPU
		{78405049-BEFB-4CBF-8583-9B391D4B1720}.Release|Any CPU.Build.0 = Release|Any CPU
		{36B4CBB2-A9CB-447F-82BD-27779366A731}.Debug|Any CPU.ActiveCfg = Debug|Any CPU
		{36B4CBB2-A9CB-447F-82BD-27779366A731}.Debug|Any CPU.Build.0 = Debug|Any CPU
		{36B4CBB2-A9CB-447F-82BD-27779366A731}.Release|Any CPU.ActiveCfg = Release|Any CPU
		{36B4CBB2-A9CB-447F-82BD-27779366A731}.Release|Any CPU.Build.0 = Release|Any CPU
		{DC17CF74-6588-4BD9-9051-35372F28F950}.Debug|Any CPU.ActiveCfg = Debug|Any CPU
		{DC17CF74-6588-4BD9-9051-35372F28F950}.Debug|Any CPU.Build.0 = Debug|Any CPU
		{DC17CF74-6588-4BD9-9051-35372F28F950}.Release|Any CPU.ActiveCfg = Release|Any CPU
		{DC17CF74-6588-4BD9-9051-35372F28F950}.Release|Any CPU.Build.0 = Release|Any CPU
	EndGlobalSection
EndGlobal
