{
  "version": 1,
  "dependencies": {
    "net10.0": {
      "MediatR": {
        "type": "Transitive",
        "resolved": "14.0.0",
        "contentHash": "r5fwUO6NBvOFKaiMRx/gRrD1MEHHOio5yEdzSLs2OMeD2e9ZKnZaBQM6A6vVBEWJF4VY41vplXmDMOY1YvpqNA==",
        "dependencies": {
          "MediatR.Contracts": "[2.0.1, 3.0.0)",
          "Microsoft.Extensions.DependencyInjection.Abstractions": "10.0.0",
          "Microsoft.Extensions.Logging.Abstractions": "10.0.0",
          "Microsoft.IdentityModel.JsonWebTokens": "8.14.0"
        }
      },
      "MediatR.Contracts": {
        "type": "Transitive",
        "resolved": "2.0.1",
        "contentHash": "FYv95bNT4UwcNA+G/J1oX5OpRiSUxteXaUt2BJbRSdRNiIUNbggJF69wy6mnk2wYToaanpdXZdCwVylt96MpwQ=="
      },
      "Microsoft.EntityFrameworkCore": {
        "type": "Transitive",
        "resolved": "10.0.3",
        "contentHash": "CDEImwD4A7BseABJMCpLZnhfFjmPY/bHwhhS70elc6gLI/bYUEOhxWt7PmaNGYGhIEzOnStlCy5QcVb+8dod5Q==",
        "dependencies": {
          "Microsoft.EntityFrameworkCore.Abstractions": "10.0.3",
          "Microsoft.EntityFrameworkCore.Analyzers": "10.0.3",
          "Microsoft.Extensions.Caching.Memory": "10.0.3",
          "Microsoft.Extensions.Logging": "10.0.3"
        }
      },
      "Microsoft.EntityFrameworkCore.Abstractions": {
        "type": "Transitive",
        "resolved": "10.0.3",
        "contentHash": "c7Uoz381xnMHNBRB8eHRhGgzUtXbgddlbODhwZRrTSzZWDharp3RkJsFwhxyESbeXhCqmML7VdvjMQ7uu+HreA=="
      },
      "Microsoft.EntityFrameworkCore.Analyzers": {
        "type": "Transitive",
        "resolved": "10.0.3",
        "contentHash": "lVABgJTyTUNE7Bi0bSu4dWHiCHIXEGzTh/kLh0N07IgU/tIKwTeBPp8tgV4x2iKj4h7iPLo8oXzyHmLDGtAE1g=="
      },
      "Microsoft.EntityFrameworkCore.Relational": {
        "type": "Transitive",
        "resolved": "10.0.3",
        "contentHash": "Pmh60OK9neVr/M0FJwm9hlzm2bD4Kd65SID8E6SP5c90tExNgXwORrlEWl0oGU/ig9ifpNN4PSpIrnHNozlT5w==",
        "dependencies": {
          "Microsoft.EntityFrameworkCore": "10.0.3",
          "Microsoft.Extensions.Caching.Memory": "10.0.3",
          "Microsoft.Extensions.Configuration.Abstractions": "10.0.3",
          "Microsoft.Extensions.Logging": "10.0.3"
        }
      },
      "Microsoft.Extensions.Caching.Abstractions": {
        "type": "Transitive",
        "resolved": "10.0.3",
        "contentHash": "5dtXBvI8t3z8pF4tB38JYgi/enCL/DwSXxpqShgFz3SHJ7IzqFIMs6Gu5ik8sNZzcO9qQs3xIDpB3vDamkYG+Q==",
        "dependencies": {
          "Microsoft.Extensions.Primitives": "10.0.3"
        }
      },
      "Microsoft.Extensions.Caching.Memory": {
        "type": "Transitive",
        "resolved": "10.0.3",
        "contentHash": "No4fVh0z30SWqiWFRoA4PNdrEco6OjXvCqRFvlmRgDQqqks2bRDdeavUgWEiAX153ZAwW9loUgbxcvuP4NKQLg==",
        "dependencies": {
          "Microsoft.Extensions.Caching.Abstractions": "10.0.3",
          "Microsoft.Extensions.DependencyInjection.Abstractions": "10.0.3",
          "Microsoft.Extensions.Logging.Abstractions": "10.0.3",
          "Microsoft.Extensions.Options": "10.0.3",
          "Microsoft.Extensions.Primitives": "10.0.3"
        }
      },
      "Microsoft.Extensions.Configuration": {
        "type": "Transitive",
        "resolved": "10.0.2",
        "contentHash": "Lws+o4DFw6p5NquRoYA3d5QVvi49ugNw7TxbW4QGLsL8F1LCCyJqWFy0+RMQ/hzUuS9aKV5NJ/XGAF5N9/RQcQ==",
        "dependencies": {
          "Microsoft.Extensions.Configuration.Abstractions": "10.0.2",
          "Microsoft.Extensions.Primitives": "10.0.2"
        }
      },
      "Microsoft.Extensions.Configuration.Abstractions": {
        "type": "Transitive",
        "resolved": "10.0.3",
        "contentHash": "xVDHL0+SIgemfh95fTO9cGLe17TWv/ZP0n7m01z8X6pzt2DmQpucioWR/mYZA1sRlkWnkXzfl0JweLNWmE9WMg==",
        "dependencies": {
          "Microsoft.Extensions.Primitives": "10.0.3"
        }
      },
      "Microsoft.Extensions.Configuration.Binder": {
        "type": "Transitive",
        "resolved": "10.0.2",
        "contentHash": "/SdW50prUuenglSy7MXU3eVQkOk4/J4fjc+GIhv4NkTmaZOQyTqpVAYi8nRjNtOKHzCy7g5cSlOSgkbT7clLwQ==",
        "dependencies": {
          "Microsoft.Extensions.Configuration": "10.0.2",
          "Microsoft.Extensions.Configuration.Abstractions": "10.0.2"
        }
      },
      "Microsoft.Extensions.DependencyInjection": {
        "type": "Transitive",
        "resolved": "10.0.3",
        "contentHash": "2DLOmC0EkB2smVK8lPP1PIKEgL1arE3CMp9XSIQB/Y7ev5nnnyuM/PizKJ6QfLD08QCYoopSC9SFdbYglDomYg==",
        "dependencies": {
          "Microsoft.Extensions.DependencyInjection.Abstractions": "10.0.3"
        }
      },
      "Microsoft.Extensions.DependencyInjection.Abstractions": {
        "type": "Transitive",
        "resolved": "10.0.3",
        "contentHash": "bwGMrRcAMWx2s/RDgja97p27rxSz2pEQW0+rX5cWAUWVETVJ/eyxGfjAl8vuG5a+lckWmPIE+vcuaZNVB5YDdw=="
      },
      "Microsoft.Extensions.Diagnostics": {
        "type": "Transitive",
        "resolved": "10.0.2",
        "contentHash": "+2lv/hi6VGnaJt4877BFkkySiMiHrKCeX7K5ElIshIKpF65o63zeXMnUR4U6EQ/eM75Hx7T8s3RcqnjdcnVB1A==",
        "dependencies": {
          "Microsoft.Extensions.Configuration": "10.0.2",
          "Microsoft.Extensions.Diagnostics.Abstractions": "10.0.2",
          "Microsoft.Extensions.Options.ConfigurationExtensions": "10.0.2"
        }
      },
      "Microsoft.Extensions.Diagnostics.Abstractions": {
        "type": "Transitive",
        "resolved": "10.0.2",
        "contentHash": "GaiaeKUuLuUbRPkUokndDuzonhO6dk4lcfGflHsCeXiJ5JrZxcyks1KuG6eB9pON16x/+9uWfa4w9g3oP8AYvQ==",
        "dependencies": {
          "Microsoft.Extensions.DependencyInjection.Abstractions": "10.0.2",
          "Microsoft.Extensions.Options": "10.0.2"
        }
      },
      "Microsoft.Extensions.Logging": {
        "type": "Transitive",
        "resolved": "10.0.3",
        "contentHash": "8D9Er1cGXNjNDIB+VLBNHn386L5ls2FoiG9a6o12gyn+GG3w6jdfUhzT8dtBnKcevE7/fsVA8MS3FBgFfClFtQ==",
        "dependencies": {
          "Microsoft.Extensions.DependencyInjection": "10.0.3",
          "Microsoft.Extensions.Logging.Abstractions": "10.0.3",
          "Microsoft.Extensions.Options": "10.0.3"
        }
      },
      "Microsoft.Extensions.Logging.Abstractions": {
        "type": "Transitive",
        "resolved": "10.0.3",
        "contentHash": "lxl0WLk7ROgBFAsjcOYjQ8/DVK+VMszxGBzUhgtQmAsTNldLL5pk9NG/cWTsXHq0lUhUEAtZkEE7jOGOA8bGKQ==",
        "dependencies": {
          "Microsoft.Extensions.DependencyInjection.Abstractions": "10.0.3"
        }
      },
      "Microsoft.Extensions.Options": {
        "type": "Transitive",
        "resolved": "10.0.3",
        "contentHash": "hU6WzGTPvPoLA2ng1ILvWQb3g0qORdlHNsxI8IcPLumJb3suimYUl+bbDzdo1V4KFsvVhnMWzysHpKbZaoDQPQ==",
        "dependencies": {
          "Microsoft.Extensions.DependencyInjection.Abstractions": "10.0.3",
          "Microsoft.Extensions.Primitives": "10.0.3"
        }
      },
      "Microsoft.Extensions.Options.ConfigurationExtensions": {
        "type": "Transitive",
        "resolved": "10.0.2",
        "contentHash": "8njGDg0OdDBM4Zox0ybuUOJZkQ8HcH49F+POZBlG+nsfzEyqOCHyHEkWeRVI62qsssiugUVEKqUttT1ZbV0aJQ==",
        "dependencies": {
          "Microsoft.Extensions.Configuration.Abstractions": "10.0.2",
          "Microsoft.Extensions.Configuration.Binder": "10.0.2",
          "Microsoft.Extensions.DependencyInjection.Abstractions": "10.0.2",
          "Microsoft.Extensions.Options": "10.0.2",
          "Microsoft.Extensions.Primitives": "10.0.2"
        }
      },
      "Microsoft.Extensions.Primitives": {
        "type": "Transitive",
        "resolved": "10.0.3",
        "contentHash": "GEcpTwo7sUoLGGNTqV1FZEuL+tTD9m81NX/mh099dqGNna07/UGZShKQNZRw4hv6nlliSUwYQgSYc7OR99Jufg=="
      },
      "Microsoft.IdentityModel.Abstractions": {
        "type": "Transitive",
        "resolved": "8.14.0",
        "contentHash": "iwbCpSjD3ehfTwBhtSNEtKPK0ICun6ov7Ibx6ISNA9bfwIyzI2Siwyi9eJFCJBwxowK9xcA1mj+jBWiigeqgcQ=="
      },
      "Microsoft.IdentityModel.JsonWebTokens": {
        "type": "Transitive",
        "resolved": "8.14.0",
        "contentHash": "4jOpiA4THdtpLyMdAb24dtj7+6GmvhOhxf5XHLYWmPKF8ApEnApal1UnJsKO4HxUWRXDA6C4WQVfYyqsRhpNpQ==",
        "dependencies": {
          "Microsoft.IdentityModel.Tokens": "8.14.0"
        }
      },
      "Microsoft.IdentityModel.Logging": {
        "type": "Transitive",
        "resolved": "8.14.0",
        "contentHash": "eqqnemdW38CKZEHS6diA50BV94QICozDZEvSrsvN3SJXUFwVB9gy+/oz76gldP7nZliA16IglXjXTCTdmU/Ejg==",
        "dependencies": {
          "Microsoft.IdentityModel.Abstractions": "8.14.0"
        }
      },
      "Microsoft.IdentityModel.Tokens": {
        "type": "Transitive",
        "resolved": "8.14.0",
        "contentHash": "lKIZiBiGd36k02TCdMHp1KlNWisyIvQxcYJvIkz7P4gSQ9zi8dgh6S5Grj8NNG7HWYIPfQymGyoZ6JB5d1Lo1g==",
        "dependencies": {
          "Microsoft.Extensions.Logging.Abstractions": "8.0.0",
          "Microsoft.IdentityModel.Logging": "8.14.0"
        }
      },
      "NServiceBus": {
        "type": "Transitive",
        "resolved": "10.1.0",
        "contentHash": "ogiUdk6014LW5aYvEQMSds5ADqQ5JG/1Dp5he8mfXZzNErhTeqr5sDHw6/zDGcd/Dnbh3eZR9GyUfVCSLSQmCw==",
        "dependencies": {
          "Microsoft.Extensions.DependencyInjection": "10.0.2",
          "Microsoft.Extensions.Diagnostics": "10.0.2",
          "NServiceBus.MessageInterfaces": "[1.0.0, 2.0.0)",
          "System.Security.Cryptography.Xml": "10.0.2"
        }
      },
      "NServiceBus.MessageInterfaces": {
        "type": "Transitive",
        "resolved": "1.0.0",
        "contentHash": "siKNnXrwtkWjChQy1rB5ASiHK+000uigiVc2iVpimWG8MhmJfgWQnbeSbmXKDQoMH1BGbIKbQxOHA/TY/Zrvtg=="
      },
      "System.Security.Cryptography.Pkcs": {
        "type": "Transitive",
        "resolved": "10.0.2",
        "contentHash": "TVb4L6atqzRB33qBy4FVdmQMmDGzzBGwiwqI6u5WnJ6ag275pPLJgPWIVzYzT5hqTACrWyfHbttqylbexvur9w=="
      },
      "System.Security.Cryptography.Xml": {
        "type": "Transitive",
        "resolved": "10.0.2",
        "contentHash": "S2ngJA5778rvrgmP+eVarLR0kIXBrwDT/A25nFMSf5t7SEKKw+SOhukyfHQ9dnKdrQ1Z3mdRI1lvzzDaE93RFg==",
        "dependencies": {
          "System.Security.Cryptography.Pkcs": "10.0.2"
        }
      },
      "aktabook.application": {
        "type": "Project",
        "dependencies": {
          "MediatR": "[14.0.0, )",
          "NServiceBus": "[10.1.0, )"
        }
      },
      "aktabook.data": {
        "type": "Project",
        "dependencies": {
          "Aktabook.Domain": "[1.0.0, )",
          "Microsoft.EntityFrameworkCore": "[10.0.3, )",
          "Microsoft.EntityFrameworkCore.Relational": "[10.0.3, )",
          "Microsoft.Extensions.Configuration.Abstractions": "[10.0.3, )",
          "Microsoft.Extensions.DependencyInjection": "[10.0.3, )"
        }
      },
      "aktabook.domain": {
        "type": "Project"
      }
    },
    "net10.0/linux-x64": {
      "System.Security.Cryptography.Pkcs": {
        "type": "Transitive",
        "resolved": "10.0.2",
        "contentHash": "TVb4L6atqzRB33qBy4FVdmQMmDGzzBGwiwqI6u5WnJ6ag275pPLJgPWIVzYzT5hqTACrWyfHbttqylbexvur9w=="
      }
    },
    "net10.0/osx": {
      "System.Security.Cryptography.Pkcs": {
        "type": "Transitive",
        "resolved": "10.0.2",
        "contentHash": "TVb4L6atqzRB33qBy4FVdmQMmDGzzBGwiwqI6u5WnJ6ag275pPLJgPWIVzYzT5hqTACrWyfHbttqylbexvur9w=="
      }
    },
    "net10.0/win-x64": {
      "System.Security.Cryptography.Pkcs": {
        "type": "Transitive",
        "resolved": "10.0.2",
        "contentHash": "TVb4L6atqzRB33qBy4FVdmQMmDGzzBGwiwqI6u5WnJ6ag275pPLJgPWIVzYzT5hqTACrWyfHbttqylbexvur9w=="
      }
    }
  }
}